// !$*UTF8*$!
{
	archiveVersion = 1;
	classes = {
	};
	objectVersion = 46;
	objects = {

/* Begin PBXBuildFile section */
		ADDCECB11D96B85500C511E0 /* CTKNativeAdManager.m in Sources */ = {isa = PBXBuildFile; fileRef = ADDCECB01D96B85500C511E0 /* CTKNativeAdManager.m */; };
		ADDCECB41D96B85E00C511E0 /* CTKNativeAdView.m in Sources */ = {isa = PBXBuildFile; fileRef = ADDCECB31D96B85E00C511E0 /* CTKNativeAdView.m */; };
/* End PBXBuildFile section */

/* Begin PBXCopyFilesBuildPhase section */
		ADDCECA11D96B7DD00C511E0 /* CopyFiles */ = {
			isa = PBXCopyFilesBuildPhase;
			buildActionMask = 2147483647;
			dstPath = "include/$(PRODUCT_NAME)";
			dstSubfolderSpec = 16;
			files = (
			);
			runOnlyForDeploymentPostprocessing = 0;
		};
/* End PBXCopyFilesBuildPhase section */

/* Begin PBXFileReference section */
		ADDCECA31D96B7DD00C511E0 /* librn-fbads.a */ = {isa = PBXFileReference; explicitFileType = archive.ar; includeInIndex = 0; path = "librn-fbads.a"; sourceTree = BUILT_PRODUCTS_DIR; };
		ADDCECAF1D96B85500C511E0 /* CTKNativeAdManager.h */ = {isa = PBXFileReference; fileEncoding = 4; lastKnownFileType = sourcecode.c.h; path = CTKNativeAdManager.h; sourceTree = "<group>"; };
		ADDCECB01D96B85500C511E0 /* CTKNativeAdManager.m */ = {isa = PBXFileReference; fileEncoding = 4; lastKnownFileType = sourcecode.c.objc; path = CTKNativeAdManager.m; sourceTree = "<group>"; };
		ADDCECB21D96B85E00C511E0 /* CTKNativeAdView.h */ = {isa = PBXFileReference; fileEncoding = 4; lastKnownFileType = sourcecode.c.h; path = CTKNativeAdView.h; sourceTree = "<group>"; };
		ADDCECB31D96B85E00C511E0 /* CTKNativeAdView.m */ = {isa = PBXFileReference; fileEncoding = 4; lastKnownFileType = sourcecode.c.objc; path = CTKNativeAdView.m; sourceTree = "<group>"; };
/* End PBXFileReference section */

/* Begin PBXFrameworksBuildPhase section */
		ADDCECA01D96B7DD00C511E0 /* Frameworks */ = {
			isa = PBXFrameworksBuildPhase;
			buildActionMask = 2147483647;
			files = (
			);
			runOnlyForDeploymentPostprocessing = 0;
		};
/* End PBXFrameworksBuildPhase section */

/* Begin PBXGroup section */
		ADDCEC9A1D96B7DD00C511E0 = {
			isa = PBXGroup;
			children = (
				ADDCECB21D96B85E00C511E0 /* CTKNativeAdView.h */,
				ADDCECB31D96B85E00C511E0 /* CTKNativeAdView.m */,
				ADDCECAF1D96B85500C511E0 /* CTKNativeAdManager.h */,
				ADDCECB01D96B85500C511E0 /* CTKNativeAdManager.m */,
				ADDCECA41D96B7DD00C511E0 /* Products */,
			);
			sourceTree = "<group>";
		};
		ADDCECA41D96B7DD00C511E0 /* Products */ = {
			isa = PBXGroup;
			children = (
				ADDCECA31D96B7DD00C511E0 /* librn-fbads.a */,
			);
			name = Products;
			sourceTree = "<group>";
		};
/* End PBXGroup section */

/* Begin PBXNativeTarget section */
		ADDCECA21D96B7DD00C511E0 /* rn-fbads */ = {
			isa = PBXNativeTarget;
			buildConfigurationList = ADDCECAC1D96B7DE00C511E0 /* Build configuration list for PBXNativeTarget "rn-fbads" */;
			buildPhases = (
				ADDCEC9F1D96B7DD00C511E0 /* Sources */,
				ADDCECA01D96B7DD00C511E0 /* Frameworks */,
				ADDCECA11D96B7DD00C511E0 /* CopyFiles */,
			);
			buildRules = (
			);
			dependencies = (
			);
			name = "rn-fbads";
			productName = "rn-fbads";
			productReference = ADDCECA31D96B7DD00C511E0 /* librn-fbads.a */;
			productType = "com.apple.product-type.library.static";
		};
/* End PBXNativeTarget section */

/* Begin PBXProject section */
		ADDCEC9B1D96B7DD00C511E0 /* Project object */ = {
			isa = PBXProject;
			attributes = {
				LastUpgradeCheck = 0730;
				ORGANIZATIONNAME = callstack;
				TargetAttributes = {
					ADDCECA21D96B7DD00C511E0 = {
						CreatedOnToolsVersion = 7.3.1;
					};
				};
			};
			buildConfigurationList = ADDCEC9E1D96B7DD00C511E0 /* Build configuration list for PBXProject "rn-fbads" */;
			compatibilityVersion = "Xcode 3.2";
			developmentRegion = English;
			hasScannedForEncodings = 0;
			knownRegions = (
				en,
			);
			mainGroup = ADDCEC9A1D96B7DD00C511E0;
			productRefGroup = ADDCECA41D96B7DD00C511E0 /* Products */;
			projectDirPath = "";
			projectRoot = "";
			targets = (
				ADDCECA21D96B7DD00C511E0 /* rn-fbads */,
			);
		};
/* End PBXProject section */

/* Begin PBXSourcesBuildPhase section */
		ADDCEC9F1D96B7DD00C511E0 /* Sources */ = {
			isa = PBXSourcesBuildPhase;
			buildActionMask = 2147483647;
			files = (
				ADDCECB11D96B85500C511E0 /* CTKNativeAdManager.m in Sources */,
				ADDCECB41D96B85E00C511E0 /* CTKNativeAdView.m in Sources */,
			);
			runOnlyForDeploymentPostprocessing = 0;
		};
/* End PBXSourcesBuildPhase section */

/* Begin XCBuildConfiguration section */
		ADDCECAA1D96B7DE00C511E0 /* Debug */ = {
			isa = XCBuildConfiguration;
			buildSettings = {
				ALWAYS_SEARCH_USER_PATHS = NO;
				CLANG_ANALYZER_NONNULL = YES;
				CLANG_CXX_LANGUAGE_STANDARD = "gnu++0x";
				CLANG_CXX_LIBRARY = "libc++";
				CLANG_ENABLE_MODULES = YES;
				CLANG_ENABLE_OBJC_ARC = YES;
				CLANG_WARN_BOOL_CONVERSION = YES;
				CLANG_WARN_CONSTANT_CONVERSION = YES;
				CLANG_WARN_DIRECT_OBJC_ISA_USAGE = YES_ERROR;
				CLANG_WARN_EMPTY_BODY = YES;
				CLANG_WARN_ENUM_CONVERSION = YES;
				CLANG_WARN_INT_CONVERSION = YES;
				CLANG_WARN_OBJC_ROOT_CLASS = YES_ERROR;
				CLANG_WARN_UNREACHABLE_CODE = YES;
				CLANG_WARN__DUPLICATE_METHOD_MATCH = YES;
				"CODE_SIGN_IDENTITY[sdk=iphoneos*]" = "iPhone Developer";
				COPY_PHASE_STRIP = NO;
				DEBUG_INFORMATION_FORMAT = dwarf;
				ENABLE_STRICT_OBJC_MSGSEND = YES;
				ENABLE_TESTABILITY = YES;
				GCC_C_LANGUAGE_STANDARD = gnu99;
				GCC_DYNAMIC_NO_PIC = NO;
				GCC_NO_COMMON_BLOCKS = YES;
				GCC_OPTIMIZATION_LEVEL = 0;
				GCC_PREPROCESSOR_DEFINITIONS = (
					"DEBUG=1",
					"$(inherited)",
				);
				GCC_WARN_64_TO_32_BIT_CONVERSION = YES;
				GCC_WARN_ABOUT_RETURN_TYPE = YES_ERROR;
				GCC_WARN_UNDECLARED_SELECTOR = YES;
				GCC_WARN_UNINITIALIZED_AUTOS = YES_AGGRESSIVE;
				GCC_WARN_UNUSED_FUNCTION = YES;
				GCC_WARN_UNUSED_VARIABLE = YES;
				IPHONEOS_DEPLOYMENT_TARGET = 9.3;
				MTL_ENABLE_DEBUG_INFO = YES;
				ONLY_ACTIVE_ARCH = YES;
				SDKROOT = iphoneos;
			};
			name = Debug;
		};
		ADDCECAB1D96B7DE00C511E0 /* Release */ = {
			isa = XCBuildConfiguration;
			buildSettings = {
				ALWAYS_SEARCH_USER_PATHS = NO;
				CLANG_ANALYZER_NONNULL = YES;
				CLANG_CXX_LANGUAGE_STANDARD = "gnu++0x";
				CLANG_CXX_LIBRARY = "libc++";
				CLANG_ENABLE_MODULES = YES;
				CLANG_ENABLE_OBJC_ARC = YES;
				CLANG_WARN_BOOL_CONVERSION = YES;
				CLANG_WARN_CONSTANT_CONVERSION = YES;
				CLANG_WARN_DIRECT_OBJC_ISA_USAGE = YES_ERROR;
				CLANG_WARN_EMPTY_BODY = YES;
				CLANG_WARN_ENUM_CONVERSION = YES;
				CLANG_WARN_INT_CONVERSION = YES;
				CLANG_WARN_OBJC_ROOT_CLASS = YES_ERROR;
				CLANG_WARN_UNREACHABLE_CODE = YES;
				CLANG_WARN__DUPLICATE_METHOD_MATCH = YES;
				"CODE_SIGN_IDENTITY[sdk=iphoneos*]" = "iPhone Developer";
				COPY_PHASE_STRIP = NO;
				DEBUG_INFORMATION_FORMAT = "dwarf-with-dsym";
				ENABLE_NS_ASSERTIONS = NO;
				ENABLE_STRICT_OBJC_MSGSEND = YES;
				GCC_C_LANGUAGE_STANDARD = gnu99;
				GCC_NO_COMMON_BLOCKS = YES;
				GCC_WARN_64_TO_32_BIT_CONVERSION = YES;
				GCC_WARN_ABOUT_RETURN_TYPE = YES_ERROR;
				GCC_WARN_UNDECLARED_SELECTOR = YES;
				GCC_WARN_UNINITIALIZED_AUTOS = YES_AGGRESSIVE;
				GCC_WARN_UNUSED_FUNCTION = YES;
				GCC_WARN_UNUSED_VARIABLE = YES;
				IPHONEOS_DEPLOYMENT_TARGET = 9.3;
				MTL_ENABLE_DEBUG_INFO = NO;
				SDKROOT = iphoneos;
				VALIDATE_PRODUCT = YES;
			};
			name = Release;
		};
		ADDCECAD1D96B7DE00C511E0 /* Debug */ = {
			isa = XCBuildConfiguration;
			buildSettings = {
				FRAMEWORK_SEARCH_PATHS = "~/Documents/FacebookSDK";
				HEADER_SEARCH_PATHS = (
					"$(SRCROOT)/../node_modules/react-native/React/**",
					"$(SRCROOT)/../../node_modules/react-native/React/**",
				);
				OTHER_LDFLAGS = "-ObjC";
				PRODUCT_NAME = "$(TARGET_NAME)";
				SKIP_INSTALL = YES;
			};
			name = Debug;
		};
		ADDCECAE1D96B7DE00C511E0 /* Release */ = {
			isa = XCBuildConfiguration;
			buildSettings = {
				FRAMEWORK_SEARCH_PATHS = "~/Documents/FacebookSDK";
				HEADER_SEARCH_PATHS = (
					"$(SRCROOT)/../node_modules/react-native/React/**",
					"$(SRCROOT)/../../node_modules/react-native/React/**",
				);
				OTHER_LDFLAGS = "-ObjC";
				PRODUCT_NAME = "$(TARGET_NAME)";
				SKIP_INSTALL = YES;
			};
			name = Release;
		};
/* End XCBuildConfiguration section */

/* Begin XCConfigurationList section */
		ADDCEC9E1D96B7DD00C511E0 /* Build configuration list for PBXProject "rn-fbads" */ = {
			isa = XCConfigurationList;
			buildConfigurations = (
				ADDCECAA1D96B7DE00C511E0 /* Debug */,
				ADDCECAB1D96B7DE00C511E0 /* Release */,
			);
			defaultConfigurationIsVisible = 0;
			defaultConfigurationName = Release;
		};
		ADDCECAC1D96B7DE00C511E0 /* Build configuration list for PBXNativeTarget "rn-fbads" */ = {
			isa = XCConfigurationList;
			buildConfigurations = (
				ADDCECAD1D96B7DE00C511E0 /* Debug */,
				ADDCECAE1D96B7DE00C511E0 /* Release */,
			);
			defaultConfigurationIsVisible = 0;
			defaultConfigurationName = Release;
		};
/* End XCConfigurationList section */
	};
	rootObject = ADDCEC9B1D96B7DD00C511E0 /* Project object */;
}
